// !$*UTF8*$!
{
	archiveVersion = 1;
	classes = {
	};
	objectVersion = 46;
	objects = {

/* Begin PBXAggregateTarget section */
		4A5331D9165622E100A15FCD /* reaktor */ = {
			isa = PBXAggregateTarget;
			buildConfigurationList = 4A5331DC165622E100A15FCD /* Build configuration list for PBXAggregateTarget "reaktor" */;
			buildPhases = (
				4AE702AA165638360065C093 /* Build static Libraries */,
				4AE702AB1656386A0065C093 /* Merge static Libraries into fat binary */,
				4A5331F81656293100A15FCD /* Copy Headers */,
			);
			dependencies = (
			);
			name = reaktor;
			productName = reaktor;
		};
/* End PBXAggregateTarget section */

/* Begin PBXBuildFile section */
		4A48A11C165565480076CB19 /* reaktorRequest.m in Sources */ = {isa = PBXBuildFile; fileRef = 4A48A11B165565480076CB19 /* reaktorRequest.m */; };
		4A48A11D165565560076CB19 /* reaktorRequest.h in Sources */ = {isa = PBXBuildFile; fileRef = 4A48A11A165565480076CB19 /* reaktorRequest.h */; };
		4A48A11E165565560076CB19 /* reaktorRequest.m in Sources */ = {isa = PBXBuildFile; fileRef = 4A48A11B165565480076CB19 /* reaktorRequest.m */; };
		4A48A11F165565560076CB19 /* reaktor.h in Sources */ = {isa = PBXBuildFile; fileRef = 4AEC71B5165540A30062CA73 /* reaktor.h */; };
		4A48A120165565560076CB19 /* reaktor.m in Sources */ = {isa = PBXBuildFile; fileRef = 4AEC71B7165540A30062CA73 /* reaktor.m */; };
		4A48A1211655655C0076CB19 /* reaktorRequest.h in Sources */ = {isa = PBXBuildFile; fileRef = 4A48A11A165565480076CB19 /* reaktorRequest.h */; };
		4A48A1221655655C0076CB19 /* reaktorRequest.m in Sources */ = {isa = PBXBuildFile; fileRef = 4A48A11B165565480076CB19 /* reaktorRequest.m */; };
		4A48A1231655655C0076CB19 /* reaktor.h in Sources */ = {isa = PBXBuildFile; fileRef = 4AEC71B5165540A30062CA73 /* reaktor.h */; };
		4A48A1241655655C0076CB19 /* reaktor.m in Sources */ = {isa = PBXBuildFile; fileRef = 4AEC71B7165540A30062CA73 /* reaktor.m */; };
		4A5331F91656294700A15FCD /* reaktor.h in Copy Headers */ = {isa = PBXBuildFile; fileRef = 4AEC71B5165540A30062CA73 /* reaktor.h */; };
		4A53320916562D7B00A15FCD /* reaktorRequest.h in Copy Headers */ = {isa = PBXBuildFile; fileRef = 4A48A11A165565480076CB19 /* reaktorRequest.h */; };
		4AC1778B1656424900730931 /* README.md in Resources */ = {isa = PBXBuildFile; fileRef = 4AC1778A1656424900730931 /* README.md */; };
		4AEC71C0165540A30062CA73 /* SenTestingKit.framework in Frameworks */ = {isa = PBXBuildFile; fileRef = 4AEC71BF165540A30062CA73 /* SenTestingKit.framework */; };
		4AEC71C2165540A30062CA73 /* UIKit.framework in Frameworks */ = {isa = PBXBuildFile; fileRef = 4AEC71C1165540A30062CA73 /* UIKit.framework */; };
		4AEC71C3165540A30062CA73 /* Foundation.framework in Frameworks */ = {isa = PBXBuildFile; fileRef = 4AEC71B0165540A30062CA73 /* Foundation.framework */; };
		4AEC71CC165540A30062CA73 /* InfoPlist.strings in Resources */ = {isa = PBXBuildFile; fileRef = 4AEC71CA165540A30062CA73 /* InfoPlist.strings */; };
		4AEC71CF165540A30062CA73 /* reaktorTests.m in Sources */ = {isa = PBXBuildFile; fileRef = 4AEC71CE165540A30062CA73 /* reaktorTests.m */; };
		4AEC71DD165540B80062CA73 /* Foundation.framework in Frameworks */ = {isa = PBXBuildFile; fileRef = 4AEC71B0165540A30062CA73 /* Foundation.framework */; };
		4AEC71EB165540B90062CA73 /* SenTestingKit.framework in Frameworks */ = {isa = PBXBuildFile; fileRef = 4AEC71BF165540A30062CA73 /* SenTestingKit.framework */; };
		4AEC71EC165540B90062CA73 /* UIKit.framework in Frameworks */ = {isa = PBXBuildFile; fileRef = 4AEC71C1165540A30062CA73 /* UIKit.framework */; };
		4AEC71ED165540B90062CA73 /* Foundation.framework in Frameworks */ = {isa = PBXBuildFile; fileRef = 4AEC71B0165540A30062CA73 /* Foundation.framework */; };
		4AEC71F0165540B90062CA73 /* libios-reaktor.a in Frameworks */ = {isa = PBXBuildFile; fileRef = 4AEC71DC165540B80062CA73 /* libios-reaktor.a */; };
		4AEC71F6165540B90062CA73 /* InfoPlist.strings in Resources */ = {isa = PBXBuildFile; fileRef = 4AEC71F4165540B90062CA73 /* InfoPlist.strings */; };
		4AEC71F9165540B90062CA73 /* ios_reaktorTests.m in Sources */ = {isa = PBXBuildFile; fileRef = 4AEC71F8165540B90062CA73 /* ios_reaktorTests.m */; };
		4AEC7206165540C90062CA73 /* Cocoa.framework in Frameworks */ = {isa = PBXBuildFile; fileRef = 4AEC7205165540C90062CA73 /* Cocoa.framework */; };
		4AEC7217165540C90062CA73 /* SenTestingKit.framework in Frameworks */ = {isa = PBXBuildFile; fileRef = 4AEC71BF165540A30062CA73 /* SenTestingKit.framework */; };
		4AEC7218165540C90062CA73 /* Cocoa.framework in Frameworks */ = {isa = PBXBuildFile; fileRef = 4AEC7205165540C90062CA73 /* Cocoa.framework */; };
		4AEC721B165540C90062CA73 /* libmac-reaktor.a in Frameworks */ = {isa = PBXBuildFile; fileRef = 4AEC7204165540C90062CA73 /* libmac-reaktor.a */; };
		4AEC7221165540C90062CA73 /* InfoPlist.strings in Resources */ = {isa = PBXBuildFile; fileRef = 4AEC721F165540C90062CA73 /* InfoPlist.strings */; };
		4AEC7224165540C90062CA73 /* mac_reaktorTests.m in Sources */ = {isa = PBXBuildFile; fileRef = 4AEC7223165540C90062CA73 /* mac_reaktorTests.m */; };
/* End PBXBuildFile section */

/* Begin PBXContainerItemProxy section */
		4AEC71EE165540B90062CA73 /* PBXContainerItemProxy */ = {
			isa = PBXContainerItemProxy;
			containerPortal = 4AEC71A4165540A30062CA73 /* Project object */;
			proxyType = 1;
			remoteGlobalIDString = 4AEC71DB165540B80062CA73;
			remoteInfo = "ios-reaktor";
		};
		4AEC7219165540C90062CA73 /* PBXContainerItemProxy */ = {
			isa = PBXContainerItemProxy;
			containerPortal = 4AEC71A4165540A30062CA73 /* Project object */;
			proxyType = 1;
			remoteGlobalIDString = 4AEC7203165540C90062CA73;
			remoteInfo = "mac-reaktor";
		};
/* End PBXContainerItemProxy section */

/* Begin PBXCopyFilesBuildPhase section */
		4A5331F81656293100A15FCD /* Copy Headers */ = {
			isa = PBXCopyFilesBuildPhase;
			buildActionMask = 2147483647;
			dstPath = "${BUILD_DIR}/${CONFIGURATION}-universal/${PRODUCT_NAME}.framework/Versions/A/Headers/";
			dstSubfolderSpec = 0;
			files = (
				4A53320916562D7B00A15FCD /* reaktorRequest.h in Copy Headers */,
				4A5331F91656294700A15FCD /* reaktor.h in Copy Headers */,
			);
			name = "Copy Headers";
			runOnlyForDeploymentPostprocessing = 0;
		};
/* End PBXCopyFilesBuildPhase section */

/* Begin PBXFileReference section */
		4A0FDF3816559B6D00AB1B74 /* ios-reaktor-simulator-Prefix.pch */ = {isa = PBXFileReference; lastKnownFileType = sourcecode.c.h; path = "ios-reaktor-simulator-Prefix.pch"; sourceTree = "<group>"; };
		4A0FDF4B16559B6D00AB1B74 /* ios-reaktor-simulatorTests-Info.plist */ = {isa = PBXFileReference; lastKnownFileType = text.plist.xml; path = "ios-reaktor-simulatorTests-Info.plist"; sourceTree = "<group>"; };
		4A0FDF4D16559B6D00AB1B74 /* en */ = {isa = PBXFileReference; lastKnownFileType = text.plist.strings; name = en; path = en.lproj/InfoPlist.strings; sourceTree = "<group>"; };
		4A0FDF4F16559B6D00AB1B74 /* ios_reaktor_simulatorTests.h */ = {isa = PBXFileReference; lastKnownFileType = sourcecode.c.h; path = ios_reaktor_simulatorTests.h; sourceTree = "<group>"; };
		4A0FDF5016559B6D00AB1B74 /* ios_reaktor_simulatorTests.m */ = {isa = PBXFileReference; lastKnownFileType = sourcecode.c.objc; path = ios_reaktor_simulatorTests.m; sourceTree = "<group>"; };
		4A48A11A165565480076CB19 /* reaktorRequest.h */ = {isa = PBXFileReference; fileEncoding = 4; lastKnownFileType = sourcecode.c.h; path = reaktorRequest.h; sourceTree = "<group>"; };
		4A48A11B165565480076CB19 /* reaktorRequest.m */ = {isa = PBXFileReference; fileEncoding = 4; lastKnownFileType = sourcecode.c.objc; path = reaktorRequest.m; sourceTree = "<group>"; };
		4AC1778A1656424900730931 /* README.md */ = {isa = PBXFileReference; fileEncoding = 4; lastKnownFileType = text; path = README.md; sourceTree = "<group>"; };
		4AEC71B0165540A30062CA73 /* Foundation.framework */ = {isa = PBXFileReference; lastKnownFileType = wrapper.framework; name = Foundation.framework; path = System/Library/Frameworks/Foundation.framework; sourceTree = SDKROOT; };
		4AEC71B4165540A30062CA73 /* reaktor-Prefix.pch */ = {isa = PBXFileReference; lastKnownFileType = sourcecode.c.h; path = "reaktor-Prefix.pch"; sourceTree = "<group>"; };
		4AEC71B5165540A30062CA73 /* reaktor.h */ = {isa = PBXFileReference; lastKnownFileType = sourcecode.c.h; path = reaktor.h; sourceTree = "<group>"; };
		4AEC71B7165540A30062CA73 /* reaktor.m */ = {isa = PBXFileReference; lastKnownFileType = sourcecode.c.objc; path = reaktor.m; sourceTree = "<group>"; };
		4AEC71BE165540A30062CA73 /* reaktorTests.octest */ = {isa = PBXFileReference; explicitFileType = wrapper.cfbundle; includeInIndex = 0; path = reaktorTests.octest; sourceTree = BUILT_PRODUCTS_DIR; };
		4AEC71BF165540A30062CA73 /* SenTestingKit.framework */ = {isa = PBXFileReference; lastKnownFileType = wrapper.framework; name = SenTestingKit.framework; path = Library/Frameworks/SenTestingKit.framework; sourceTree = DEVELOPER_DIR; };
		4AEC71C1165540A30062CA73 /* UIKit.framework */ = {isa = PBXFileReference; lastKnownFileType = wrapper.framework; name = UIKit.framework; path = Library/Frameworks/UIKit.framework; sourceTree = DEVELOPER_DIR; };
		4AEC71C9165540A30062CA73 /* reaktorTests-Info.plist */ = {isa = PBXFileReference; lastKnownFileType = text.plist.xml; path = "reaktorTests-Info.plist"; sourceTree = "<group>"; };
		4AEC71CB165540A30062CA73 /* en */ = {isa = PBXFileReference; lastKnownFileType = text.plist.strings; name = en; path = en.lproj/InfoPlist.strings; sourceTree = "<group>"; };
		4AEC71CD165540A30062CA73 /* reaktorTests.h */ = {isa = PBXFileReference; lastKnownFileType = sourcecode.c.h; path = reaktorTests.h; sourceTree = "<group>"; };
		4AEC71CE165540A30062CA73 /* reaktorTests.m */ = {isa = PBXFileReference; lastKnownFileType = sourcecode.c.objc; path = reaktorTests.m; sourceTree = "<group>"; };
		4AEC71DC165540B80062CA73 /* libios-reaktor.a */ = {isa = PBXFileReference; explicitFileType = archive.ar; includeInIndex = 0; path = "libios-reaktor.a"; sourceTree = BUILT_PRODUCTS_DIR; };
		4AEC71E0165540B80062CA73 /* ios-reaktor-Prefix.pch */ = {isa = PBXFileReference; lastKnownFileType = sourcecode.c.h; path = "ios-reaktor-Prefix.pch"; sourceTree = "<group>"; };
		4AEC71EA165540B80062CA73 /* ios-reaktorTests.octest */ = {isa = PBXFileReference; explicitFileType = wrapper.cfbundle; includeInIndex = 0; path = "ios-reaktorTests.octest"; sourceTree = BUILT_PRODUCTS_DIR; };
		4AEC71F3165540B90062CA73 /* ios-reaktorTests-Info.plist */ = {isa = PBXFileReference; lastKnownFileType = text.plist.xml; path = "ios-reaktorTests-Info.plist"; sourceTree = "<group>"; };
		4AEC71F5165540B90062CA73 /* en */ = {isa = PBXFileReference; lastKnownFileType = text.plist.strings; name = en; path = en.lproj/InfoPlist.strings; sourceTree = "<group>"; };
		4AEC71F7165540B90062CA73 /* ios_reaktorTests.h */ = {isa = PBXFileReference; lastKnownFileType = sourcecode.c.h; path = ios_reaktorTests.h; sourceTree = "<group>"; };
		4AEC71F8165540B90062CA73 /* ios_reaktorTests.m */ = {isa = PBXFileReference; lastKnownFileType = sourcecode.c.objc; path = ios_reaktorTests.m; sourceTree = "<group>"; };
		4AEC7204165540C90062CA73 /* libmac-reaktor.a */ = {isa = PBXFileReference; explicitFileType = archive.ar; includeInIndex = 0; path = "libmac-reaktor.a"; sourceTree = BUILT_PRODUCTS_DIR; };
		4AEC7205165540C90062CA73 /* Cocoa.framework */ = {isa = PBXFileReference; lastKnownFileType = wrapper.framework; name = Cocoa.framework; path = Library/Frameworks/Cocoa.framework; sourceTree = DEVELOPER_DIR; };
		4AEC7208165540C90062CA73 /* AppKit.framework */ = {isa = PBXFileReference; lastKnownFileType = wrapper.framework; name = AppKit.framework; path = Library/Frameworks/AppKit.framework; sourceTree = SDKROOT; };
		4AEC7209165540C90062CA73 /* CoreData.framework */ = {isa = PBXFileReference; lastKnownFileType = wrapper.framework; name = CoreData.framework; path = Library/Frameworks/CoreData.framework; sourceTree = SDKROOT; };
		4AEC720A165540C90062CA73 /* Foundation.framework */ = {isa = PBXFileReference; lastKnownFileType = wrapper.framework; name = Foundation.framework; path = Library/Frameworks/Foundation.framework; sourceTree = SDKROOT; };
		4AEC720D165540C90062CA73 /* mac-reaktor-Prefix.pch */ = {isa = PBXFileReference; lastKnownFileType = sourcecode.c.h; path = "mac-reaktor-Prefix.pch"; sourceTree = "<group>"; };
		4AEC7216165540C90062CA73 /* mac-reaktorTests.octest */ = {isa = PBXFileReference; explicitFileType = wrapper.cfbundle; includeInIndex = 0; path = "mac-reaktorTests.octest"; sourceTree = BUILT_PRODUCTS_DIR; };
		4AEC721E165540C90062CA73 /* mac-reaktorTests-Info.plist */ = {isa = PBXFileReference; lastKnownFileType = text.plist.xml; path = "mac-reaktorTests-Info.plist"; sourceTree = "<group>"; };
		4AEC7220165540C90062CA73 /* en */ = {isa = PBXFileReference; lastKnownFileType = text.plist.strings; name = en; path = en.lproj/InfoPlist.strings; sourceTree = "<group>"; };
		4AEC7222165540C90062CA73 /* mac_reaktorTests.h */ = {isa = PBXFileReference; lastKnownFileType = sourcecode.c.h; path = mac_reaktorTests.h; sourceTree = "<group>"; };
		4AEC7223165540C90062CA73 /* mac_reaktorTests.m */ = {isa = PBXFileReference; lastKnownFileType = sourcecode.c.objc; path = mac_reaktorTests.m; sourceTree = "<group>"; };
/* End PBXFileReference section */

/* Begin PBXFrameworksBuildPhase section */
		4AEC71BA165540A30062CA73 /* Frameworks */ = {
			isa = PBXFrameworksBuildPhase;
			buildActionMask = 2147483647;
			files = (
				4AEC71C0165540A30062CA73 /* SenTestingKit.framework in Frameworks */,
				4AEC71C2165540A30062CA73 /* UIKit.framework in Frameworks */,
				4AEC71C3165540A30062CA73 /* Foundation.framework in Frameworks */,
			);
			runOnlyForDeploymentPostprocessing = 0;
		};
		4AEC71D9165540B80062CA73 /* Frameworks */ = {
			isa = PBXFrameworksBuildPhase;
			buildActionMask = 2147483647;
			files = (
				4AEC71DD165540B80062CA73 /* Foundation.framework in Frameworks */,
			);
			runOnlyForDeploymentPostprocessing = 0;
		};
		4AEC71E6165540B80062CA73 /* Frameworks */ = {
			isa = PBXFrameworksBuildPhase;
			buildActionMask = 2147483647;
			files = (
				4AEC71EB165540B90062CA73 /* SenTestingKit.framework in Frameworks */,
				4AEC71EC165540B90062CA73 /* UIKit.framework in Frameworks */,
				4AEC71ED165540B90062CA73 /* Foundation.framework in Frameworks */,
				4AEC71F0165540B90062CA73 /* libios-reaktor.a in Frameworks */,
			);
			runOnlyForDeploymentPostprocessing = 0;
		};
		4AEC7201165540C90062CA73 /* Frameworks */ = {
			isa = PBXFrameworksBuildPhase;
			buildActionMask = 2147483647;
			files = (
				4AEC7206165540C90062CA73 /* Cocoa.framework in Frameworks */,
			);
			runOnlyForDeploymentPostprocessing = 0;
		};
		4AEC7212165540C90062CA73 /* Frameworks */ = {
			isa = PBXFrameworksBuildPhase;
			buildActionMask = 2147483647;
			files = (
				4AEC7217165540C90062CA73 /* SenTestingKit.framework in Frameworks */,
				4AEC7218165540C90062CA73 /* Cocoa.framework in Frameworks */,
				4AEC721B165540C90062CA73 /* libmac-reaktor.a in Frameworks */,
			);
			runOnlyForDeploymentPostprocessing = 0;
		};
/* End PBXFrameworksBuildPhase section */

/* Begin PBXGroup section */
		4A0FDF3616559B6D00AB1B74 /* ios-reaktor-simulator */ = {
			isa = PBXGroup;
			children = (
				4A0FDF3716559B6D00AB1B74 /* Supporting Files */,
			);
			path = "ios-reaktor-simulator";
			sourceTree = "<group>";
		};
		4A0FDF3716559B6D00AB1B74 /* Supporting Files */ = {
			isa = PBXGroup;
			children = (
				4A0FDF3816559B6D00AB1B74 /* ios-reaktor-simulator-Prefix.pch */,
			);
			name = "Supporting Files";
			sourceTree = "<group>";
		};
		4A0FDF4916559B6D00AB1B74 /* ios-reaktor-simulatorTests */ = {
			isa = PBXGroup;
			children = (
				4A0FDF4F16559B6D00AB1B74 /* ios_reaktor_simulatorTests.h */,
				4A0FDF5016559B6D00AB1B74 /* ios_reaktor_simulatorTests.m */,
				4A0FDF4A16559B6D00AB1B74 /* Supporting Files */,
			);
			path = "ios-reaktor-simulatorTests";
			sourceTree = "<group>";
		};
		4A0FDF4A16559B6D00AB1B74 /* Supporting Files */ = {
			isa = PBXGroup;
			children = (
				4A0FDF4B16559B6D00AB1B74 /* ios-reaktor-simulatorTests-Info.plist */,
				4A0FDF4C16559B6D00AB1B74 /* InfoPlist.strings */,
			);
			name = "Supporting Files";
			sourceTree = "<group>";
		};
		4A48A125165565670076CB19 /* tests */ = {
			isa = PBXGroup;
			children = (
				4AEC71C7165540A30062CA73 /* reaktorTests */,
				4AEC71F1165540B90062CA73 /* ios-reaktorTests */,
				4AEC721C165540C90062CA73 /* mac-reaktorTests */,
			);
			name = tests;
			path = reaktor;
			sourceTree = "<group>";
		};
		4AEC71A2165540A30062CA73 = {
			isa = PBXGroup;
			children = (
				4AC1778A1656424900730931 /* README.md */,
				4A48A125165565670076CB19 /* tests */,
				4AEC71B2165540A30062CA73 /* reaktor */,
				4AEC71DE165540B80062CA73 /* ios-reaktor */,
				4AEC720B165540C90062CA73 /* mac-reaktor */,
				4A0FDF3616559B6D00AB1B74 /* ios-reaktor-simulator */,
				4A0FDF4916559B6D00AB1B74 /* ios-reaktor-simulatorTests */,
				4AEC71AF165540A30062CA73 /* Frameworks */,
				4AEC71AE165540A30062CA73 /* Products */,
			);
			sourceTree = "<group>";
		};
		4AEC71AE165540A30062CA73 /* Products */ = {
			isa = PBXGroup;
			children = (
				4AEC71BE165540A30062CA73 /* reaktorTests.octest */,
				4AEC71DC165540B80062CA73 /* libios-reaktor.a */,
				4AEC71EA165540B80062CA73 /* ios-reaktorTests.octest */,
				4AEC7204165540C90062CA73 /* libmac-reaktor.a */,
				4AEC7216165540C90062CA73 /* mac-reaktorTests.octest */,
			);
			name = Products;
			sourceTree = "<group>";
		};
		4AEC71AF165540A30062CA73 /* Frameworks */ = {
			isa = PBXGroup;
			children = (
				4AEC71B0165540A30062CA73 /* Foundation.framework */,
				4AEC71BF165540A30062CA73 /* SenTestingKit.framework */,
				4AEC71C1165540A30062CA73 /* UIKit.framework */,
				4AEC7205165540C90062CA73 /* Cocoa.framework */,
				4AEC7207165540C90062CA73 /* Other Frameworks */,
			);
			name = Frameworks;
			sourceTree = "<group>";
		};
		4AEC71B2165540A30062CA73 /* reaktor */ = {
			isa = PBXGroup;
			children = (
				4A48A11A165565480076CB19 /* reaktorRequest.h */,
				4A48A11B165565480076CB19 /* reaktorRequest.m */,
				4AEC71B5165540A30062CA73 /* reaktor.h */,
				4AEC71B7165540A30062CA73 /* reaktor.m */,
				4AEC71B3165540A30062CA73 /* Supporting Files */,
			);
			path = reaktor;
			sourceTree = "<group>";
		};
		4AEC71B3165540A30062CA73 /* Supporting Files */ = {
			isa = PBXGroup;
			children = (
				4AEC71B4165540A30062CA73 /* reaktor-Prefix.pch */,
			);
			name = "Supporting Files";
			sourceTree = "<group>";
		};
		4AEC71C7165540A30062CA73 /* reaktorTests */ = {
			isa = PBXGroup;
			children = (
				4AEC71CD165540A30062CA73 /* reaktorTests.h */,
				4AEC71CE165540A30062CA73 /* reaktorTests.m */,
				4AEC71C8165540A30062CA73 /* Supporting Files */,
			);
			path = reaktorTests;
			sourceTree = SOURCE_ROOT;
		};
		4AEC71C8165540A30062CA73 /* Supporting Files */ = {
			isa = PBXGroup;
			children = (
				4AEC71C9165540A30062CA73 /* reaktorTests-Info.plist */,
				4AEC71CA165540A30062CA73 /* InfoPlist.strings */,
			);
			name = "Supporting Files";
			sourceTree = "<group>";
		};
		4AEC71DE165540B80062CA73 /* ios-reaktor */ = {
			isa = PBXGroup;
			children = (
				4AEC71DF165540B80062CA73 /* Supporting Files */,
			);
			path = "ios-reaktor";
			sourceTree = "<group>";
		};
		4AEC71DF165540B80062CA73 /* Supporting Files */ = {
			isa = PBXGroup;
			children = (
				4AEC71E0165540B80062CA73 /* ios-reaktor-Prefix.pch */,
			);
			name = "Supporting Files";
			sourceTree = "<group>";
		};
		4AEC71F1165540B90062CA73 /* ios-reaktorTests */ = {
			isa = PBXGroup;
			children = (
				4AEC71F7165540B90062CA73 /* ios_reaktorTests.h */,
				4AEC71F8165540B90062CA73 /* ios_reaktorTests.m */,
				4AEC71F2165540B90062CA73 /* Supporting Files */,
			);
			name = "ios-reaktorTests";
			path = "../ios-reaktorTests";
			sourceTree = "<group>";
		};
		4AEC71F2165540B90062CA73 /* Supporting Files */ = {
			isa = PBXGroup;
			children = (
				4AEC71F3165540B90062CA73 /* ios-reaktorTests-Info.plist */,
				4AEC71F4165540B90062CA73 /* InfoPlist.strings */,
			);
			name = "Supporting Files";
			sourceTree = "<group>";
		};
		4AEC7207165540C90062CA73 /* Other Frameworks */ = {
			isa = PBXGroup;
			children = (
				4AEC7208165540C90062CA73 /* AppKit.framework */,
				4AEC7209165540C90062CA73 /* CoreData.framework */,
				4AEC720A165540C90062CA73 /* Foundation.framework */,
			);
			name = "Other Frameworks";
			sourceTree = "<group>";
		};
		4AEC720B165540C90062CA73 /* mac-reaktor */ = {
			isa = PBXGroup;
			children = (
				4AEC720C165540C90062CA73 /* Supporting Files */,
			);
			path = "mac-reaktor";
			sourceTree = "<group>";
		};
		4AEC720C165540C90062CA73 /* Supporting Files */ = {
			isa = PBXGroup;
			children = (
				4AEC720D165540C90062CA73 /* mac-reaktor-Prefix.pch */,
			);
			name = "Supporting Files";
			sourceTree = "<group>";
		};
		4AEC721C165540C90062CA73 /* mac-reaktorTests */ = {
			isa = PBXGroup;
			children = (
				4AEC7222165540C90062CA73 /* mac_reaktorTests.h */,
				4AEC7223165540C90062CA73 /* mac_reaktorTests.m */,
				4AEC721D165540C90062CA73 /* Supporting Files */,
			);
			name = "mac-reaktorTests";
			path = "../mac-reaktorTests";
			sourceTree = "<group>";
		};
		4AEC721D165540C90062CA73 /* Supporting Files */ = {
			isa = PBXGroup;
			children = (
				4AEC721E165540C90062CA73 /* mac-reaktorTests-Info.plist */,
				4AEC721F165540C90062CA73 /* InfoPlist.strings */,
			);
			name = "Supporting Files";
			sourceTree = "<group>";
		};
/* End PBXGroup section */

/* Begin PBXNativeTarget section */
		4AEC71BD165540A30062CA73 /* reaktorTests */ = {
			isa = PBXNativeTarget;
			buildConfigurationList = 4AEC71D5165540A30062CA73 /* Build configuration list for PBXNativeTarget "reaktorTests" */;
			buildPhases = (
				4AEC71B9165540A30062CA73 /* Sources */,
				4AEC71BA165540A30062CA73 /* Frameworks */,
				4AEC71BB165540A30062CA73 /* Resources */,
				4AEC71BC165540A30062CA73 /* ShellScript */,
			);
			buildRules = (
			);
			dependencies = (
			);
			name = reaktorTests;
			productName = reaktorTests;
			productReference = 4AEC71BE165540A30062CA73 /* reaktorTests.octest */;
			productType = "com.apple.product-type.bundle";
		};
		4AEC71DB165540B80062CA73 /* ios-reaktor */ = {
			isa = PBXNativeTarget;
			buildConfigurationList = 4AEC71FA165540B90062CA73 /* Build configuration list for PBXNativeTarget "ios-reaktor" */;
			buildPhases = (
				4AEC71D8165540B80062CA73 /* Sources */,
				4AEC71D9165540B80062CA73 /* Frameworks */,
			);
			buildRules = (
			);
			dependencies = (
			);
			name = "ios-reaktor";
			productName = "ios-reaktor";
			productReference = 4AEC71DC165540B80062CA73 /* libios-reaktor.a */;
			productType = "com.apple.product-type.library.static";
		};
		4AEC71E9165540B80062CA73 /* ios-reaktorTests */ = {
			isa = PBXNativeTarget;
			buildConfigurationList = 4AEC71FD165540B90062CA73 /* Build configuration list for PBXNativeTarget "ios-reaktorTests" */;
			buildPhases = (
				4AEC71E5165540B80062CA73 /* Sources */,
				4AEC71E6165540B80062CA73 /* Frameworks */,
				4AEC71E7165540B80062CA73 /* Resources */,
				4AEC71E8165540B80062CA73 /* ShellScript */,
			);
			buildRules = (
			);
			dependencies = (
				4AEC71EF165540B90062CA73 /* PBXTargetDependency */,
			);
			name = "ios-reaktorTests";
			productName = "ios-reaktorTests";
			productReference = 4AEC71EA165540B80062CA73 /* ios-reaktorTests.octest */;
			productType = "com.apple.product-type.bundle";
		};
		4AEC7203165540C90062CA73 /* mac-reaktor */ = {
			isa = PBXNativeTarget;
			buildConfigurationList = 4AEC7225165540C90062CA73 /* Build configuration list for PBXNativeTarget "mac-reaktor" */;
			buildPhases = (
				4AEC7200165540C90062CA73 /* Sources */,
				4AEC7201165540C90062CA73 /* Frameworks */,
			);
			buildRules = (
			);
			dependencies = (
			);
			name = "mac-reaktor";
			productName = "mac-reaktor";
			productReference = 4AEC7204165540C90062CA73 /* libmac-reaktor.a */;
			productType = "com.apple.product-type.library.static";
		};
		4AEC7215165540C90062CA73 /* mac-reaktorTests */ = {
			isa = PBXNativeTarget;
			buildConfigurationList = 4AEC7228165540C90062CA73 /* Build configuration list for PBXNativeTarget "mac-reaktorTests" */;
			buildPhases = (
				4AEC7211165540C90062CA73 /* Sources */,
				4AEC7212165540C90062CA73 /* Frameworks */,
				4AEC7213165540C90062CA73 /* Resources */,
				4AEC7214165540C90062CA73 /* ShellScript */,
			);
			buildRules = (
			);
			dependencies = (
				4AEC721A165540C90062CA73 /* PBXTargetDependency */,
			);
			name = "mac-reaktorTests";
			productName = "mac-reaktorTests";
			productReference = 4AEC7216165540C90062CA73 /* mac-reaktorTests.octest */;
			productType = "com.apple.product-type.bundle";
		};
/* End PBXNativeTarget section */

/* Begin PBXProject section */
		4AEC71A4165540A30062CA73 /* Project object */ = {
			isa = PBXProject;
			attributes = {
				LastUpgradeCheck = 0450;
				ORGANIZATIONNAME = "Phil Diegmann";
			};
			buildConfigurationList = 4AEC71A7165540A30062CA73 /* Build configuration list for PBXProject "reaktor" */;
			compatibilityVersion = "Xcode 3.2";
			developmentRegion = English;
			hasScannedForEncodings = 0;
			knownRegions = (
				en,
			);
			mainGroup = 4AEC71A2165540A30062CA73;
			productRefGroup = 4AEC71AE165540A30062CA73 /* Products */;
			projectDirPath = "";
			projectRoot = "";
			targets = (
				4AEC71BD165540A30062CA73 /* reaktorTests */,
				4AEC71DB165540B80062CA73 /* ios-reaktor */,
				4AEC71E9165540B80062CA73 /* ios-reaktorTests */,
				4AEC7203165540C90062CA73 /* mac-reaktor */,
				4AEC7215165540C90062CA73 /* mac-reaktorTests */,
				4A5331D9165622E100A15FCD /* reaktor */,
			);
		};
/* End PBXProject section */

/* Begin PBXResourcesBuildPhase section */
		4AEC71BB165540A30062CA73 /* Resources */ = {
			isa = PBXResourcesBuildPhase;
			buildActionMask = 2147483647;
			files = (
				4AEC71CC165540A30062CA73 /* InfoPlist.strings in Resources */,
				4AC1778B1656424900730931 /* README.md in Resources */,
			);
			runOnlyForDeploymentPostprocessing = 0;
		};
		4AEC71E7165540B80062CA73 /* Resources */ = {
			isa = PBXResourcesBuildPhase;
			buildActionMask = 2147483647;
			files = (
				4AEC71F6165540B90062CA73 /* InfoPlist.strings in Resources */,
			);
			runOnlyForDeploymentPostprocessing = 0;
		};
		4AEC7213165540C90062CA73 /* Resources */ = {
			isa = PBXResourcesBuildPhase;
			buildActionMask = 2147483647;
			files = (
				4AEC7221165540C90062CA73 /* InfoPlist.strings in Resources */,
			);
			runOnlyForDeploymentPostprocessing = 0;
		};
/* End PBXResourcesBuildPhase section */

/* Begin PBXShellScriptBuildPhase section */
		4AE702AA165638360065C093 /* Build static Libraries */ = {
			isa = PBXShellScriptBuildPhase;
			buildActionMask = 2147483647;
			files = (
			);
			inputPaths = (
			);
			name = "Build static Libraries";
			outputPaths = (
			);
			runOnlyForDeploymentPostprocessing = 0;
			shellPath = /bin/sh;
			shellScript = "xcodebuild -project ${PROJECT_NAME}.xcodeproj -sdk iphonesimulator -target ios-reaktor -configuration ${CONFIGURATION} clean build CONFIGURATION_BUILD_DIR=${BUILD_DIR}/${CONFIGURATION}-iphonesimulator\n\nxcodebuild -project ${PROJECT_NAME}.xcodeproj -sdk iphoneos -target ios-reaktor -configuration ${CONFIGURATION} clean build CONFIGURATION_BUILD_DIR=${BUILD_DIR}/${CONFIGURATION}-iphoneos\n\nxcodebuild -project ${PROJECT_NAME}.xcodeproj -sdk macosx -target mac-reaktor -configuration ${CONFIGURATION} clean build CONFIGURATION_BUILD_DIR=${BUILD_DIR}/${CONFIGURATION}";
			showEnvVarsInLog = 0;
		};
		4AE702AB1656386A0065C093 /* Merge static Libraries into fat binary */ = {
			isa = PBXShellScriptBuildPhase;
			buildActionMask = 2147483647;
			files = (
			);
			inputPaths = (
			);
			name = "Merge static Libraries into fat binary";
			outputPaths = (
			);
			runOnlyForDeploymentPostprocessing = 0;
			shellPath = /bin/sh;
			shellScript = "SIMULATOR_LIBRARY_PATH=\"${BUILD_DIR}/${CONFIGURATION}-iphonesimulator/libios-${PROJECT_NAME}.a\" &&\nDEVICE_LIBRARY_PATH=\"${BUILD_DIR}/${CONFIGURATION}-iphoneos/libios-${PROJECT_NAME}.a\" &&\nMAC_LIBRARY_PATH=\"${BUILD_DIR}/${CONFIGURATION}/libmac-${PROJECT_NAME}.a\" &&\nUNIVERSAL_LIBRARY_DIR=\"${BUILD_DIR}/${CONFIGURATION}-universal\" &&\nUNIVERSAL_LIBRARY_PATH=\"${UNIVERSAL_LIBRARY_DIR}/${PRODUCT_NAME}\" &&\nFRAMEWORK=\"${UNIVERSAL_LIBRARY_DIR}/${PRODUCT_NAME}.framework\" &&\n\n# Create framework directory structure.\nrm -rf \"${FRAMEWORK}\" &&\nmkdir -p \"${UNIVERSAL_LIBRARY_DIR}\" &&\nmkdir -p \"${FRAMEWORK}/Versions/A/Headers\" &&\nmkdir -p \"${FRAMEWORK}/Versions/A/Resources\" &&\n\n# Generate universal binary for the device and simulator.\nlipo \"${SIMULATOR_LIBRARY_PATH}\" \"${DEVICE_LIBRARY_PATH}\" \"${MAC_LIBRARY_PATH}\" -create -output \"${UNIVERSAL_LIBRARY_PATH}\" &&\n\n# Move files to appropriate locations in framework paths.\n\ncp \"${UNIVERSAL_LIBRARY_PATH}\" \"${FRAMEWORK}/Versions/A\" &&\nln -s \"A\" \"${FRAMEWORK}/Versions/Current\" &&\nln -s \"Versions/Current/Headers\" \"${FRAMEWORK}/Headers\" &&\nln -s \"Versions/Current/Resources\" \"${FRAMEWORK}/Resources\" &&\nln -s \"Versions/Current/${PRODUCT_NAME}\" \"${FRAMEWORK}/${PRODUCT_NAME}\"";
		};
		4AEC71BC165540A30062CA73 /* ShellScript */ = {
			isa = PBXShellScriptBuildPhase;
			buildActionMask = 2147483647;
			files = (
			);
			inputPaths = (
			);
			outputPaths = (
			);
			runOnlyForDeploymentPostprocessing = 0;
			shellPath = /bin/sh;
			shellScript = "# Run the unit tests in this test bundle.\n\"${SYSTEM_DEVELOPER_DIR}/Tools/RunUnitTests\"\n";
		};
		4AEC71E8165540B80062CA73 /* ShellScript */ = {
			isa = PBXShellScriptBuildPhase;
			buildActionMask = 2147483647;
			files = (
			);
			inputPaths = (
			);
			outputPaths = (
			);
			runOnlyForDeploymentPostprocessing = 0;
			shellPath = /bin/sh;
			shellScript = "# Run the unit tests in this test bundle.\n\"${SYSTEM_DEVELOPER_DIR}/Tools/RunUnitTests\"\n";
		};
		4AEC7214165540C90062CA73 /* ShellScript */ = {
			isa = PBXShellScriptBuildPhase;
			buildActionMask = 2147483647;
			files = (
			);
			inputPaths = (
			);
			outputPaths = (
			);
			runOnlyForDeploymentPostprocessing = 0;
			shellPath = /bin/sh;
			shellScript = "# Run the unit tests in this test bundle.\n\"${SYSTEM_DEVELOPER_DIR}/Tools/RunUnitTests\"\n";
		};
/* End PBXShellScriptBuildPhase section */

/* Begin PBXSourcesBuildPhase section */
		4AEC71B9165540A30062CA73 /* Sources */ = {
			isa = PBXSourcesBuildPhase;
			buildActionMask = 2147483647;
			files = (
				4AEC71CF165540A30062CA73 /* reaktorTests.m in Sources */,
				4A48A11C165565480076CB19 /* reaktorRequest.m in Sources */,
			);
			runOnlyForDeploymentPostprocessing = 0;
		};
		4AEC71D8165540B80062CA73 /* Sources */ = {
			isa = PBXSourcesBuildPhase;
			buildActionMask = 2147483647;
			files = (
				4A48A1211655655C0076CB19 /* reaktorRequest.h in Sources */,
				4A48A1221655655C0076CB19 /* reaktorRequest.m in Sources */,
				4A48A1231655655C0076CB19 /* reaktor.h in Sources */,
				4A48A1241655655C0076CB19 /* reaktor.m in Sources */,
			);
			runOnlyForDeploymentPostprocessing = 0;
		};
		4AEC71E5165540B80062CA73 /* Sources */ = {
			isa = PBXSourcesBuildPhase;
			buildActionMask = 2147483647;
			files = (
				4AEC71F9165540B90062CA73 /* ios_reaktorTests.m in Sources */,
			);
			runOnlyForDeploymentPostprocessing = 0;
		};
		4AEC7200165540C90062CA73 /* Sources */ = {
			isa = PBXSourcesBuildPhase;
			buildActionMask = 2147483647;
			files = (
				4A48A11D165565560076CB19 /* reaktorRequest.h in Sources */,
				4A48A11E165565560076CB19 /* reaktorRequest.m in Sources */,
				4A48A11F165565560076CB19 /* reaktor.h in Sources */,
				4A48A120165565560076CB19 /* reaktor.m in Sources */,
			);
			runOnlyForDeploymentPostprocessing = 0;
		};
		4AEC7211165540C90062CA73 /* Sources */ = {
			isa = PBXSourcesBuildPhase;
			buildActionMask = 2147483647;
			files = (
				4AEC7224165540C90062CA73 /* mac_reaktorTests.m in Sources */,
			);
			runOnlyForDeploymentPostprocessing = 0;
		};
/* End PBXSourcesBuildPhase section */

/* Begin PBXTargetDependency section */
		4AEC71EF165540B90062CA73 /* PBXTargetDependency */ = {
			isa = PBXTargetDependency;
			target = 4AEC71DB165540B80062CA73 /* ios-reaktor */;
			targetProxy = 4AEC71EE165540B90062CA73 /* PBXContainerItemProxy */;
		};
		4AEC721A165540C90062CA73 /* PBXTargetDependency */ = {
			isa = PBXTargetDependency;
			target = 4AEC7203165540C90062CA73 /* mac-reaktor */;
			targetProxy = 4AEC7219165540C90062CA73 /* PBXContainerItemProxy */;
		};
/* End PBXTargetDependency section */

/* Begin PBXVariantGroup section */
		4A0FDF4C16559B6D00AB1B74 /* InfoPlist.strings */ = {
			isa = PBXVariantGroup;
			children = (
				4A0FDF4D16559B6D00AB1B74 /* en */,
			);
			name = InfoPlist.strings;
			sourceTree = "<group>";
		};
		4AEC71CA165540A30062CA73 /* InfoPlist.strings */ = {
			isa = PBXVariantGroup;
			children = (
				4AEC71CB165540A30062CA73 /* en */,
			);
			name = InfoPlist.strings;
			sourceTree = "<group>";
		};
		4AEC71F4165540B90062CA73 /* InfoPlist.strings */ = {
			isa = PBXVariantGroup;
			children = (
				4AEC71F5165540B90062CA73 /* en */,
			);
			name = InfoPlist.strings;
			sourceTree = "<group>";
		};
		4AEC721F165540C90062CA73 /* InfoPlist.strings */ = {
			isa = PBXVariantGroup;
			children = (
				4AEC7220165540C90062CA73 /* en */,
			);
			name = InfoPlist.strings;
			sourceTree = "<group>";
		};
/* End PBXVariantGroup section */

/* Begin XCBuildConfiguration section */
		4A5331DA165622E100A15FCD /* Debug */ = {
			isa = XCBuildConfiguration;
			buildSettings = {
				ONLY_ACTIVE_ARCH = NO;
				PRODUCT_NAME = "$(TARGET_NAME)";
				SUPPORTED_PLATFORMS = "iphonesimulator iphoneos macosx";
				VALID_ARCHS = "armv7 armv7s i386 x86_64";
			};
			name = Debug;
		};
		4A5331DB165622E100A15FCD /* Release */ = {
			isa = XCBuildConfiguration;
			buildSettings = {
				ONLY_ACTIVE_ARCH = NO;
				PRODUCT_NAME = "$(TARGET_NAME)";
				SUPPORTED_PLATFORMS = "iphonesimulator iphoneos macosx";
				VALID_ARCHS = "armv7 armv7s i386 x86_64";
			};
			name = Release;
		};
		4AEC71D0165540A30062CA73 /* Debug */ = {
			isa = XCBuildConfiguration;
			buildSettings = {
				ALWAYS_SEARCH_USER_PATHS = NO;
				CLANG_CXX_LANGUAGE_STANDARD = "gnu++0x";
				CLANG_CXX_LIBRARY = "libc++";
				CLANG_ENABLE_OBJC_ARC = YES;
				CLANG_WARN_EMPTY_BODY = YES;
				CLANG_WARN__DUPLICATE_METHOD_MATCH = YES;
				COPY_PHASE_STRIP = NO;
				GCC_C_LANGUAGE_STANDARD = gnu99;
				GCC_DYNAMIC_NO_PIC = NO;
				GCC_OPTIMIZATION_LEVEL = 0;
				GCC_PREPROCESSOR_DEFINITIONS = (
					"DEBUG=1",
					"$(inherited)",
				);
				GCC_SYMBOLS_PRIVATE_EXTERN = NO;
				GCC_WARN_ABOUT_RETURN_TYPE = YES;
				GCC_WARN_UNINITIALIZED_AUTOS = YES;
				GCC_WARN_UNUSED_VARIABLE = YES;
				IPHONEOS_DEPLOYMENT_TARGET = 6.0;
				ONLY_ACTIVE_ARCH = NO;
				SDKROOT = iphoneos;
				VALID_ARCHS = "armv7 armv7s i386";
			};
			name = Debug;
		};
		4AEC71D1165540A30062CA73 /* Release */ = {
			isa = XCBuildConfiguration;
			buildSettings = {
				ALWAYS_SEARCH_USER_PATHS = NO;
				CLANG_CXX_LANGUAGE_STANDARD = "gnu++0x";
				CLANG_CXX_LIBRARY = "libc++";
				CLANG_ENABLE_OBJC_ARC = YES;
				CLANG_WARN_EMPTY_BODY = YES;
				CLANG_WARN__DUPLICATE_METHOD_MATCH = YES;
				COPY_PHASE_STRIP = YES;
				GCC_C_LANGUAGE_STANDARD = gnu99;
				GCC_WARN_ABOUT_RETURN_TYPE = YES;
				GCC_WARN_UNINITIALIZED_AUTOS = YES;
				GCC_WARN_UNUSED_VARIABLE = YES;
				IPHONEOS_DEPLOYMENT_TARGET = 6.0;
				ONLY_ACTIVE_ARCH = NO;
				SDKROOT = iphoneos;
				VALIDATE_PRODUCT = YES;
				VALID_ARCHS = "armv7 armv7s i386";
			};
			name = Release;
		};
		4AEC71D6165540A30062CA73 /* Debug */ = {
			isa = XCBuildConfiguration;
			buildSettings = {
				FRAMEWORK_SEARCH_PATHS = (
					"\"$(SDKROOT)/Developer/Library/Frameworks\"",
					"\"$(DEVELOPER_LIBRARY_DIR)/Frameworks\"",
				);
				GCC_PRECOMPILE_PREFIX_HEADER = YES;
				GCC_PREFIX_HEADER = "reaktor/reaktor-Prefix.pch";
				INFOPLIST_FILE = "reaktorTests/reaktorTests-Info.plist";
				ONLY_ACTIVE_ARCH = NO;
				PRODUCT_NAME = "$(TARGET_NAME)";
				WRAPPER_EXTENSION = octest;
			};
			name = Debug;
		};
		4AEC71D7165540A30062CA73 /* Release */ = {
			isa = XCBuildConfiguration;
			buildSettings = {
				FRAMEWORK_SEARCH_PATHS = (
					"\"$(SDKROOT)/Developer/Library/Frameworks\"",
					"\"$(DEVELOPER_LIBRARY_DIR)/Frameworks\"",
				);
				GCC_PRECOMPILE_PREFIX_HEADER = YES;
				GCC_PREFIX_HEADER = "reaktor/reaktor-Prefix.pch";
				INFOPLIST_FILE = "reaktorTests/reaktorTests-Info.plist";
				PRODUCT_NAME = "$(TARGET_NAME)";
				WRAPPER_EXTENSION = octest;
			};
			name = Release;
		};
		4AEC71FB165540B90062CA73 /* Debug */ = {
			isa = XCBuildConfiguration;
			buildSettings = {
				ARCHS = "$(ARCHS_STANDARD_32_BIT)";
				DSTROOT = /tmp/ios_reaktor.dst;
				GCC_PRECOMPILE_PREFIX_HEADER = YES;
				GCC_PREFIX_HEADER = "ios-reaktor/ios-reaktor-Prefix.pch";
				ONLY_ACTIVE_ARCH = NO;
				OTHER_LDFLAGS = "-ObjC";
				PRODUCT_NAME = "$(TARGET_NAME)";
				SKIP_INSTALL = YES;
				VALID_ARCHS = "armv7s armv7 i386";
			};
			name = Debug;
		};
		4AEC71FC165540B90062CA73 /* Release */ = {
			isa = XCBuildConfiguration;
			buildSettings = {
				ARCHS = "$(ARCHS_STANDARD_32_BIT)";
				DSTROOT = /tmp/ios_reaktor.dst;
				GCC_PRECOMPILE_PREFIX_HEADER = YES;
				GCC_PREFIX_HEADER = "ios-reaktor/ios-reaktor-Prefix.pch";
				ONLY_ACTIVE_ARCH = NO;
				OTHER_LDFLAGS = "-ObjC";
				PRODUCT_NAME = "$(TARGET_NAME)";
				SKIP_INSTALL = YES;
				VALID_ARCHS = "armv7s armv7 i386";
			};
			name = Release;
		};
		4AEC71FE165540B90062CA73 /* Debug */ = {
			isa = XCBuildConfiguration;
			buildSettings = {
				FRAMEWORK_SEARCH_PATHS = (
					"\"$(SDKROOT)/Developer/Library/Frameworks\"",
					"\"$(DEVELOPER_LIBRARY_DIR)/Frameworks\"",
				);
				GCC_PRECOMPILE_PREFIX_HEADER = YES;
				GCC_PREFIX_HEADER = "ios-reaktor/ios-reaktor-Prefix.pch";
				INFOPLIST_FILE = "ios-reaktorTests/ios-reaktorTests-Info.plist";
				PRODUCT_NAME = "$(TARGET_NAME)";
				WRAPPER_EXTENSION = octest;
			};
			name = Debug;
		};
		4AEC71FF165540B90062CA73 /* Release */ = {
			isa = XCBuildConfiguration;
			buildSettings = {
				FRAMEWORK_SEARCH_PATHS = (
					"\"$(SDKROOT)/Developer/Library/Frameworks\"",
					"\"$(DEVELOPER_LIBRARY_DIR)/Frameworks\"",
				);
				GCC_PRECOMPILE_PREFIX_HEADER = YES;
				GCC_PREFIX_HEADER = "ios-reaktor/ios-reaktor-Prefix.pch";
				INFOPLIST_FILE = "ios-reaktorTests/ios-reaktorTests-Info.plist";
				PRODUCT_NAME = "$(TARGET_NAME)";
				WRAPPER_EXTENSION = octest;
			};
			name = Release;
		};
		4AEC7226165540C90062CA73 /* Debug */ = {
			isa = XCBuildConfiguration;
			buildSettings = {
				ARCHS = "$(ARCHS_STANDARD_64_BIT)";
				FRAMEWORK_SEARCH_PATHS = (
					"$(inherited)",
					"\"$(SYSTEM_APPS_DIR)/Xcode.app/Contents/Developer/Library/Frameworks\"",
				);
				GCC_ENABLE_OBJC_EXCEPTIONS = YES;
				GCC_PRECOMPILE_PREFIX_HEADER = YES;
				GCC_PREFIX_HEADER = "mac-reaktor/mac-reaktor-Prefix.pch";
				GCC_WARN_64_TO_32_BIT_CONVERSION = YES;
				MACOSX_DEPLOYMENT_TARGET = 10.8;
				ONLY_ACTIVE_ARCH = NO;
				PRODUCT_NAME = "$(TARGET_NAME)";
				SDKROOT = macosx;
			};
			name = Debug;
		};
		4AEC7227165540C90062CA73 /* Release */ = {
			isa = XCBuildConfiguration;
			buildSettings = {
				ARCHS = "$(ARCHS_STANDARD_64_BIT)";
				DEBUG_INFORMATION_FORMAT = "dwarf-with-dsym";
				FRAMEWORK_SEARCH_PATHS = (
					"$(inherited)",
					"\"$(SYSTEM_APPS_DIR)/Xcode.app/Contents/Developer/Library/Frameworks\"",
				);
				GCC_ENABLE_OBJC_EXCEPTIONS = YES;
				GCC_PRECOMPILE_PREFIX_HEADER = YES;
				GCC_PREFIX_HEADER = "mac-reaktor/mac-reaktor-Prefix.pch";
				GCC_WARN_64_TO_32_BIT_CONVERSION = YES;
				MACOSX_DEPLOYMENT_TARGET = 10.8;
				PRODUCT_NAME = "$(TARGET_NAME)";
				SDKROOT = macosx;
			};
			name = Release;
		};
		4AEC7229165540C90062CA73 /* Debug */ = {
			isa = XCBuildConfiguration;
			buildSettings = {
				ARCHS = "$(ARCHS_STANDARD_64_BIT)";
				COMBINE_HIDPI_IMAGES = YES;
				FRAMEWORK_SEARCH_PATHS = "\"$(DEVELOPER_LIBRARY_DIR)/Frameworks\"";
				GCC_ENABLE_OBJC_EXCEPTIONS = YES;
				GCC_PRECOMPILE_PREFIX_HEADER = YES;
				GCC_PREFIX_HEADER = "mac-reaktor/mac-reaktor-Prefix.pch";
				GCC_WARN_64_TO_32_BIT_CONVERSION = YES;
				INFOPLIST_FILE = "mac-reaktorTests/mac-reaktorTests-Info.plist";
				MACOSX_DEPLOYMENT_TARGET = 10.8;
				PRODUCT_NAME = "$(TARGET_NAME)";
				SDKROOT = macosx;
				WRAPPER_EXTENSION = octest;
			};
			name = Debug;
		};
		4AEC722A165540C90062CA73 /* Release */ = {
			isa = XCBuildConfiguration;
			buildSettings = {
				ARCHS = "$(ARCHS_STANDARD_64_BIT)";
				COMBINE_HIDPI_IMAGES = YES;
				DEBUG_INFORMATION_FORMAT = "dwarf-with-dsym";
				FRAMEWORK_SEARCH_PATHS = "\"$(DEVELOPER_LIBRARY_DIR)/Frameworks\"";
				GCC_ENABLE_OBJC_EXCEPTIONS = YES;
				GCC_PRECOMPILE_PREFIX_HEADER = YES;
				GCC_PREFIX_HEADER = "mac-reaktor/mac-reaktor-Prefix.pch";
				GCC_WARN_64_TO_32_BIT_CONVERSION = YES;
				INFOPLIST_FILE = "mac-reaktorTests/mac-reaktorTests-Info.plist";
				MACOSX_DEPLOYMENT_TARGET = 10.8;
				PRODUCT_NAME = "$(TARGET_NAME)";
				SDKROOT = macosx;
				WRAPPER_EXTENSION = octest;
			};
			name = Release;
		};
/* End XCBuildConfiguration section */

/* Begin XCConfigurationList section */
		4A5331DC165622E100A15FCD /* Build configuration list for PBXAggregateTarget "reaktor" */ = {
			isa = XCConfigurationList;
			buildConfigurations = (
				4A5331DA165622E100A15FCD /* Debug */,
				4A5331DB165622E100A15FCD /* Release */,
			);
			defaultConfigurationIsVisible = 0;
			defaultConfigurationName = Release;
		};
		4AEC71A7165540A30062CA73 /* Build configuration list for PBXProject "reaktor" */ = {
			isa = XCConfigurationList;
			buildConfigurations = (
				4AEC71D0165540A30062CA73 /* Debug */,
				4AEC71D1165540A30062CA73 /* Release */,
			);
			defaultConfigurationIsVisible = 0;
			defaultConfigurationName = Release;
		};
		4AEC71D5165540A30062CA73 /* Build configuration list for PBXNativeTarget "reaktorTests" */ = {
			isa = XCConfigurationList;
			buildConfigurations = (
				4AEC71D6165540A30062CA73 /* Debug */,
				4AEC71D7165540A30062CA73 /* Release */,
			);
			defaultConfigurationIsVisible = 0;
			defaultConfigurationName = Release;
		};
		4AEC71FA165540B90062CA73 /* Build configuration list for PBXNativeTarget "ios-reaktor" */ = {
			isa = XCConfigurationList;
			buildConfigurations = (
				4AEC71FB165540B90062CA73 /* Debug */,
				4AEC71FC165540B90062CA73 /* Release */,
			);
			defaultConfigurationIsVisible = 0;
			defaultConfigurationName = Release;
		};
		4AEC71FD165540B90062CA73 /* Build configuration list for PBXNativeTarget "ios-reaktorTests" */ = {
			isa = XCConfigurationList;
			buildConfigurations = (
				4AEC71FE165540B90062CA73 /* Debug */,
				4AEC71FF165540B90062CA73 /* Release */,
			);
			defaultConfigurationIsVisible = 0;
			defaultConfigurationName = Release;
		};
		4AEC7225165540C90062CA73 /* Build configuration list for PBXNativeTarget "mac-reaktor" */ = {
			isa = XCConfigurationList;
			buildConfigurations = (
				4AEC7226165540C90062CA73 /* Debug */,
				4AEC7227165540C90062CA73 /* Release */,
			);
			defaultConfigurationIsVisible = 0;
			defaultConfigurationName = Release;
		};
		4AEC7228165540C90062CA73 /* Build configuration list for PBXNativeTarget "mac-reaktorTests" */ = {
			isa = XCConfigurationList;
			buildConfigurations = (
				4AEC7229165540C90062CA73 /* Debug */,
				4AEC722A165540C90062CA73 /* Release */,
			);
			defaultConfigurationIsVisible = 0;
			defaultConfigurationName = Release;
		};
/* End XCConfigurationList section */
	};
	rootObject = 4AEC71A4165540A30062CA73 /* Project object */;
}
